
Microsoft Visual Studio Solution File, Format Version 12.00
# Visual Studio Version 16
VisualStudioVersion = 16.0.31515.178
MinimumVisualStudioVersion = 10.0.40219.1
Project("{9A19103F-16F7-4668-BE54-9A1E7A4F7556}") = "MvcDemo2", "MvcDemo2\MvcDemo2.csproj", "{66CC4BAA-C370-4C9C-8C48-2F4B8E5E5ABD}"
EndProject
Project("{9A19103F-16F7-4668-BE54-9A1E7A4F7556}") = "Domain", "Domain\Domain.csproj", "{6A209BC8-0EE1-4AB7-A7A5-514A37E44CD6}"
EndProject
Project("{9A19103F-16F7-4668-BE54-9A1E7A4F7556}") = "Infrastructure", "Infrastructure\Infrastructure.csproj", "{3F5485C5-EE59-4444-9823-91B659448228}"
EndProject
Project("{FAE04EC0-301F-11D3-BF4B-00C04F79EFBC}") = "Application", "Application\Application.csproj", "{F1DA355B-535B-4EF9-AD78-5831F2D112B4}"
EndProject
Global
	GlobalSection(SolutionConfigurationPlatforms) = preSolution
		Debug|Any CPU = Debug|Any CPU
		Release|Any CPU = Release|Any CPU
	EndGlobalSection
	GlobalSection(ProjectConfigurationPlatforms) = postSolution
		{66CC4BAA-C370-4C9C-8C48-2F4B8E5E5ABD}.Debug|Any CPU.ActiveCfg = Debug|Any CPU
		{66CC4BAA-C370-4C9C-8C48-2F4B8E5E5ABD}.Debug|Any CPU.Build.0 = Debug|Any CPU
		{66CC4BAA-C370-4C9C-8C48-2F4B8E5E5ABD}.Release|Any CPU.ActiveCfg = Release|Any CPU
		{66CC4BAA-C370-4C9C-8C48-2F4B8E5E5ABD}.Release|Any CPU.Build.0 = Release|Any CPU
		{6A209BC8-0EE1-4AB7-A7A5-514A37E44CD6}.Debug|Any CPU.ActiveCfg = Debug|Any CPU
		{6A209BC8-0EE1-4AB7-A7A5-514A37E44CD6}.Debug|Any CPU.Build.0 = Debug|Any CPU
		{6A209BC8-0EE1-4AB7-A7A5-514A37E44CD6}.Release|Any CPU.ActiveCfg = Release|Any CPU
		{6A209BC8-0EE1-4AB7-A7A5-514A37E44CD6}.Release|Any CPU.Build.0 = Release|Any CPU
		{3F5485C5-EE59-4444-9823-91B659448228}.Debug|Any CPU.ActiveCfg = Debug|Any CPU
		{3F5485C5-EE59-4444-9823-91B659448228}.Debug|Any CPU.Build.0 = Debug|Any CPU
		{3F5485C5-EE59-4444-9823-91B659448228}.Release|Any CPU.ActiveCfg = Release|Any CPU
		{3F5485C5-EE59-4444-9823-91B659448228}.Release|Any CPU.Build.0 = Release|Any CPU
		{F1DA355B-535B-4EF9-AD78-5831F2D112B4}.Debug|Any CPU.ActiveCfg = Debug|Any CPU
		{F1DA355B-535B-4EF9-AD78-5831F2D112B4}.Debug|Any CPU.Build.0 = Debug|Any CPU
		{F1DA355B-535B-4EF9-AD78-5831F2D112B4}.Release|Any CPU.ActiveCfg = Release|Any CPU
		{F1DA355B-535B-4EF9-AD78-5831F2D112B4}.Release|Any CPU.Build.0 = Release|Any CPU
	EndGlobalSection
	GlobalSection(SolutionProperties) = preSolution
		HideSolutionNode = FALSE
	EndGlobalSection
	GlobalSection(ExtensibilityGlobals) = postSolution
		SolutionGuid = {E898B85B-35C9-441D-819D-1D522CD04FD6}
	EndGlobalSection
EndGlobal
